<?xml version="1.0" encoding="UTF-8" standalone="yes" ?>
<CodeBlocks_project_file>
	<FileVersion major="1" minor="6" />
	<Project>
		<Option title="MeshBuilder" />
		<Option pch_mode="2" />
		<Option compiler="gcc" />
		<Build>
			<Target title="Debug">
				<Option output="bin/Debug/MeshBuilder" prefix_auto="1" extension_auto="1" />
				<Option object_output="obj/Debug/" />
				<Option type="1" />
				<Option compiler="gcc" />
				<Compiler>
					<Add option="-g" />
				</Compiler>
			</Target>
			<Target title="Release">
				<Option output="bin/Release/MeshBuilder" prefix_auto="1" extension_auto="1" />
				<Option object_output="obj/Release/" />
				<Option type="1" />
				<Option compiler="gcc" />
				<Compiler>
					<Add option="-O2" />
				</Compiler>
				<Linker>
					<Add option="-s" />
				</Linker>
			</Target>
		</Build>
		<Compiler>
			<Add option="-Wall" />
			<Add option="-fexceptions" />
		</Compiler>
		<Unit filename="common/ShapeType.h" />
		<Unit filename="common/element_type.h" />
		<Unit filename="common/utilities.h" />
		<Unit filename="define/define.h" />
		<Unit filename="define/meshDefine.h" />
		<Unit filename="define/paraviewDefine.h" />
		<Unit filename="include/Element.h" />
		<Unit filename="include/Mesh.h" />
		<Unit filename="include/MeshInfomation.h" />
		<Unit filename="include/Node.h" />
		<Unit filename="include/Point.h" />
		<Unit filename="include/Shape.h" />
		<Unit filename="include/paraviewExp.h" />
		<Unit filename="include/typeVector.h" />
		<Unit filename="main.cpp" />
		<Unit filename="src/Element.cpp" />
		<Unit filename="src/Mesh.cpp" />
		<Unit filename="src/MeshInfomation.cpp" />
		<Unit filename="src/Node.cpp" />
		<Unit filename="src/Point.cpp" />
		<Unit filename="src/Shape.cpp" />
		<Unit filename="src/cubicGeneration.cpp" />
		<Unit filename="src/cylinderGeneration.cpp" />
		<Unit filename="src/geometryPropeties.cpp" />
		<Unit filename="src/hexahedral.cpp" />
		<Unit filename="src/quadrilateral.cpp" />
		<Unit filename="src/sphericGeneration.cpp" />
		<Unit filename="src/tetrahedral.cpp" />
		<Unit filename="src/triangle.cpp" />
		<Unit filename="src/typeVector.cpp" />
		<Unit filename="src/writeParaviewFormat.cpp" />
		<Unit filename="src/writeTeachFormat.cpp" />
		<Extensions>
			<code_completion />
			<envvars />
			<debugger />
			<lib_finder disable_auto="1" />
		</Extensions>
	</Project>
</CodeBlocks_project_file>
